{
  "version": 4,
  "terraform_version": "1.4.0",
  "serial": 16,
  "lineage": "04cf20e8-e540-0c70-3d94-64f927b2dfd0",
  "outputs": {},
  "resources": [
    {
      "mode": "managed",
      "type": "azurerm_container_app_environment",
      "name": "this",
      "provider": "provider[\"registry.terraform.io/hashicorp/azurerm\"]",
      "instances": [
        {
          "schema_version": 0,
          "attributes": {
            "dapr_application_insights_connection_string": "",
            "default_domain": "greenglacier-b71bfee3.uksouth.azurecontainerapps.io",
            "docker_bridge_cidr": "",
            "id": "/subscriptions/314e0000-64ec-4e18-87f2-02129f08cd19/resourceGroups/cf-secops/providers/Microsoft.App/managedEnvironments/cf-secops",
            "infrastructure_subnet_id": "",
            "internal_load_balancer_enabled": false,
            "location": "uksouth",
            "log_analytics_workspace_id": "/subscriptions/314e0000-64ec-4e18-87f2-02129f08cd19/resourceGroups/cf-secops/providers/Microsoft.OperationalInsights/workspaces/cf-secops",
            "name": "cf-secops",
            "platform_reserved_cidr": "",
            "platform_reserved_dns_ip_address": "",
            "resource_group_name": "cf-secops",
            "static_ip_address": "51.11.27.54",
            "tags": null,
            "timeouts": null,
            "zone_redundancy_enabled": false
          },
          "sensitive_attributes": [],
          "private": "eyJlMmJmYjczMC1lY2FhLTExZTYtOGY4OC0zNDM2M2JjN2M0YzAiOnsiY3JlYXRlIjoxODAwMDAwMDAwMDAwLCJkZWxldGUiOjE4MDAwMDAwMDAwMDAsInJlYWQiOjMwMDAwMDAwMDAwMCwidXBkYXRlIjoxODAwMDAwMDAwMDAwfX0=",
          "dependencies": [
            "azurerm_log_analytics_workspace.this",
            "azurerm_resource_group.this"
          ]
        }
      ]
    },
    {
      "mode": "managed",
      "type": "azurerm_container_registry",
      "name": "this",
      "provider": "provider[\"registry.terraform.io/hashicorp/azurerm\"]",
      "instances": [
        {
          "schema_version": 2,
          "attributes": {
            "admin_enabled": true,
            "admin_password": "UU4CxuJ6r/u7ZDXG+Ca0bCjy3jYtm0aHVed0iZ01gi+ACRB1tbSl",
            "admin_username": "cfsecops",
            "anonymous_pull_enabled": false,
            "data_endpoint_enabled": false,
            "encryption": [
              {
                "enabled": false,
                "identity_client_id": "",
                "key_vault_key_id": ""
              }
            ],
            "export_policy_enabled": true,
            "georeplications": [],
            "id": "/subscriptions/314e0000-64ec-4e18-87f2-02129f08cd19/resourceGroups/cf-secops/providers/Microsoft.ContainerRegistry/registries/cfsecops",
            "identity": [],
            "location": "uksouth",
            "login_server": "cfsecops.azurecr.io",
            "name": "cfsecops",
            "network_rule_bypass_option": "AzureServices",
            "network_rule_set": [],
            "public_network_access_enabled": true,
            "quarantine_policy_enabled": false,
            "resource_group_name": "cf-secops",
            "retention_policy": [
              {
                "days": 7,
                "enabled": false
              }
            ],
            "sku": "Basic",
            "tags": {},
            "timeouts": null,
            "trust_policy": [
              {
                "enabled": false
              }
            ],
            "zone_redundancy_enabled": false
          },
          "sensitive_attributes": [],
          "private": "eyJlMmJmYjczMC1lY2FhLTExZTYtOGY4OC0zNDM2M2JjN2M0YzAiOnsiY3JlYXRlIjoxODAwMDAwMDAwMDAwLCJkZWxldGUiOjE4MDAwMDAwMDAwMDAsInJlYWQiOjMwMDAwMDAwMDAwMCwidXBkYXRlIjoxODAwMDAwMDAwMDAwfSwic2NoZW1hX3ZlcnNpb24iOiIyIn0=",
          "dependencies": [
            "azurerm_resource_group.this"
          ]
        }
      ]
    },
    {
      "mode": "managed",
      "type": "azurerm_log_analytics_workspace",
      "name": "this",
      "provider": "provider[\"registry.terraform.io/hashicorp/azurerm\"]",
      "instances": [
        {
          "schema_version": 3,
          "attributes": {
            "allow_resource_only_permissions": true,
            "cmk_for_query_forced": false,
            "daily_quota_gb": -1,
            "data_collection_rule_id": "",
            "id": "/subscriptions/314e0000-64ec-4e18-87f2-02129f08cd19/resourceGroups/cf-secops/providers/Microsoft.OperationalInsights/workspaces/cf-secops",
            "internet_ingestion_enabled": true,
            "internet_query_enabled": true,
            "local_authentication_disabled": false,
            "location": "uksouth",
            "name": "cf-secops",
            "primary_shared_key": "nL9F8voqlsyUJX3RMoXgxJ5s7SryHrU6v1BFTwXlDRuVo8Z8ELpMlND+9xgJeCzGJ4qsHCN1jBffxs4yz45hTQ==",
            "reservation_capacity_in_gb_per_day": null,
            "resource_group_name": "cf-secops",
            "retention_in_days": 30,
            "secondary_shared_key": "wY+OJaNmytggNSr6yPSpGta3IW0JD4ej1SEwVZ7Ov1giNB24Mw2SPPtA0MH9drK7GvkZPuBIzfV4o6PHT2XVGA==",
            "sku": "PerGB2018",
            "tags": null,
            "timeouts": null,
            "workspace_id": "eb3f6373-5128-466d-be63-7fa401348629"
          },
          "sensitive_attributes": [],
          "private": "eyJlMmJmYjczMC1lY2FhLTExZTYtOGY4OC0zNDM2M2JjN2M0YzAiOnsiY3JlYXRlIjoxODAwMDAwMDAwMDAwLCJkZWxldGUiOjE4MDAwMDAwMDAwMDAsInJlYWQiOjMwMDAwMDAwMDAwMCwidXBkYXRlIjoxODAwMDAwMDAwMDAwfSwic2NoZW1hX3ZlcnNpb24iOiIzIn0=",
          "dependencies": [
            "azurerm_resource_group.this"
          ]
        }
      ]
    },
    {
      "mode": "managed",
      "type": "azurerm_resource_group",
      "name": "this",
      "provider": "provider[\"registry.terraform.io/hashicorp/azurerm\"]",
      "instances": [
        {
          "schema_version": 0,
          "attributes": {
            "id": "/subscriptions/314e0000-64ec-4e18-87f2-02129f08cd19/resourceGroups/cf-secops",
            "location": "uksouth",
            "managed_by": "",
            "name": "cf-secops",
            "tags": {},
            "timeouts": null
          },
          "sensitive_attributes": [],
          "private": "eyJlMmJmYjczMC1lY2FhLTExZTYtOGY4OC0zNDM2M2JjN2M0YzAiOnsiY3JlYXRlIjo1NDAwMDAwMDAwMDAwLCJkZWxldGUiOjU0MDAwMDAwMDAwMDAsInJlYWQiOjMwMDAwMDAwMDAwMCwidXBkYXRlIjo1NDAwMDAwMDAwMDAwfX0="
        }
      ]
    }
  ],
  "check_results": null
}
